// !$*UTF8*$!
{
	archiveVersion = 1;
	classes = {
	};
	objectVersion = 50;
	objects = {

/* Begin PBXBuildFile section */
		268A74E2241731BA002A9FDE /* AppDelegate.swift in Sources */ = {isa = PBXBuildFile; fileRef = 268A74E1241731BA002A9FDE /* AppDelegate.swift */; };
		268A74E4241731BA002A9FDE /* SceneDelegate.swift in Sources */ = {isa = PBXBuildFile; fileRef = 268A74E3241731BA002A9FDE /* SceneDelegate.swift */; };
		268A74E6241731BA002A9FDE /* ViewController.swift in Sources */ = {isa = PBXBuildFile; fileRef = 268A74E5241731BA002A9FDE /* ViewController.swift */; };
		268A74E9241731BA002A9FDE /* Main.storyboard in Resources */ = {isa = PBXBuildFile; fileRef = 268A74E7241731BA002A9FDE /* Main.storyboard */; };
		268A74EB241731BC002A9FDE /* Assets.xcassets in Resources */ = {isa = PBXBuildFile; fileRef = 268A74EA241731BC002A9FDE /* Assets.xcassets */; };
		268A74EE241731BC002A9FDE /* LaunchScreen.storyboard in Resources */ = {isa = PBXBuildFile; fileRef = 268A74EC241731BC002A9FDE /* LaunchScreen.storyboard */; };
/* End PBXBuildFile section */

/* Begin PBXFileReference section */
		268A74DE241731BA002A9FDE /* 2020-03-09-SwitchBottom.app */ = {isa = PBXFileReference; explicitFileType = wrapper.application; includeInIndex = 0; path = "2020-03-09-SwitchBottom.app"; sourceTree = BUILT_PRODUCTS_DIR; };
		268A74E1241731BA002A9FDE /* AppDelegate.swift */ = {isa = PBXFileReference; lastKnownFileType = sourcecode.swift; path = AppDelegate.swift; sourceTree = "<group>"; };
		268A74E3241731BA002A9FDE /* SceneDelegate.swift */ = {isa = PBXFileReference; lastKnownFileType = sourcecode.swift; path = SceneDelegate.swift; sourceTree = "<group>"; };
		268A74E5241731BA002A9FDE /* ViewController.swift */ = {isa = PBXFileReference; lastKnownFileType = sourcecode.swift; path = ViewController.swift; sourceTree = "<group>"; };
		268A74E8241731BA002A9FDE /* Base */ = {isa = PBXFileReference; lastKnownFileType = file.storyboard; name = Base; path = Base.lproj/Main.storyboard; sourceTree = "<group>"; };
		268A74EA241731BC002A9FDE /* Assets.xcassets */ = {isa = PBXFileReference; lastKnownFileType = folder.assetcatalog; path = Assets.xcassets; sourceTree = "<group>"; };
		268A74ED241731BC002A9FDE /* Base */ = {isa = PBXFileReference; lastKnownFileType = file.storyboard; name = Base; path = Base.lproj/LaunchScreen.storyboard; sourceTree = "<group>"; };
		268A74EF241731BC002A9FDE /* Info.plist */ = {isa = PBXFileReference; lastKnownFileType = text.plist.xml; path = Info.plist; sourceTree = "<group>"; };
/* End PBXFileReference section */

/* Begin PBXFrameworksBuildPhase section */
		268A74DB241731BA002A9FDE /* Frameworks */ = {
			isa = PBXFrameworksBuildPhase;
			buildActionMask = 2147483647;
			files = (
			);
			runOnlyForDeploymentPostprocessing = 0;
		};
/* End PBXFrameworksBuildPhase section */

/* Begin PBXGroup section */
		268A74D5241731BA002A9FDE = {
			isa = PBXGroup;
			children = (
				268A74E0241731BA002A9FDE /* 2020-03-09-SwitchBottom */,
				268A74DF241731BA002A9FDE /* Products */,
			);
			sourceTree = "<group>";
		};
		268A74DF241731BA002A9FDE /* Products */ = {
			isa = PBXGroup;
			children = (
				268A74DE241731BA002A9FDE /* 2020-03-09-SwitchBottom.app */,
			);
			name = Products;
			sourceTree = "<group>";
		};
		268A74E0241731BA002A9FDE /* 2020-03-09-SwitchBottom */ = {
			isa = PBXGroup;
			children = (
				268A74E1241731BA002A9FDE /* AppDelegate.swift */,
				268A74E3241731BA002A9FDE /* SceneDelegate.swift */,
				268A74E5241731BA002A9FDE /* ViewController.swift */,
				268A74E7241731BA002A9FDE /* Main.storyboard */,
				268A74EA241731BC002A9FDE /* Assets.xcassets */,
				268A74EC241731BC002A9FDE /* LaunchScreen.storyboard */,
				268A74EF241731BC002A9FDE /* Info.plist */,
			);
			path = "2020-03-09-SwitchBottom";
			sourceTree = "<group>";
		};
/* End PBXGroup section */

/* Begin PBXNativeTarget section */
		268A74DD241731BA002A9FDE /* 2020-03-09-SwitchBottom */ = {
			isa = PBXNativeTarget;
			buildConfigurationList = 268A74F2241731BC002A9FDE /* Build configuration list for PBXNativeTarget "2020-03-09-SwitchBottom" */;
			buildPhases = (
				268A74DA241731BA002A9FDE /* Sources */,
				268A74DB241731BA002A9FDE /* Frameworks */,
				268A74DC241731BA002A9FDE /* Resources */,
			);
			buildRules = (
			);
			dependencies = (
			);
			name = "2020-03-09-SwitchBottom";
			productName = "2020-03-09-SwitchBottom";
			productReference = 268A74DE241731BA002A9FDE /* 2020-03-09-SwitchBottom.app */;
			productType = "com.apple.product-type.application";
		};
/* End PBXNativeTarget section */

/* Begin PBXProject section */
		268A74D6241731BA002A9FDE /* Project object */ = {
			isa = PBXProject;
			attributes = {
				LastSwiftUpdateCheck = 1130;
				LastUpgradeCheck = 1130;
				ORGANIZATIONNAME = "Hua Lu";
				TargetAttributes = {
					268A74DD241731BA002A9FDE = {
						CreatedOnToolsVersion = 11.3.1;
					};
				};
			};
			buildConfigurationList = 268A74D9241731BA002A9FDE /* Build configuration list for PBXProject "2020-03-09-SwitchBottom" */;
			compatibilityVersion = "Xcode 9.3";
			developmentRegion = en;
			hasScannedForEncodings = 0;
			knownRegions = (
				en,
				Base,
			);
			mainGroup = 268A74D5241731BA002A9FDE;
			productRefGroup = 268A74DF241731BA002A9FDE /* Products */;
			projectDirPath = "";
			projectRoot = "";
			targets = (
				268A74DD241731BA002A9FDE /* 2020-03-09-SwitchBottom */,
			);
		};
/* End PBXProject section */

/* Begin PBXResourcesBuildPhase section */
		268A74DC241731BA002A9FDE /* Resources */ = {
			isa = PBXResourcesBuildPhase;
			buildActionMask = 2147483647;
			files = (
				268A74EE241731BC002A9FDE /* LaunchScreen.storyboard in Resources */,
				268A74EB241731BC002A9FDE /* Assets.xcassets in Resources */,
				268A74E9241731BA002A9FDE /* Main.storyboard in Resources */,
			);
			runOnlyForDeploymentPostprocessing = 0;
		};
/* End PBXResourcesBuildPhase section */

/* Begin PBXSourcesBuildPhase section */
		268A74DA241731BA002A9FDE /* Sources */ = {
			isa = PBXSourcesBuildPhase;
			buildActionMask = 2147483647;
			files = (
				268A74E6241731BA002A9FDE /* ViewController.swift in Sources */,
				268A74E2241731BA002A9FDE /* AppDelegate.swift in Sources */,
				268A74E4241731BA002A9FDE /* SceneDelegate.swift in Sources */,
			);
			runOnlyForDeploymentPostprocessing = 0;
		};
/* End PBXSourcesBuildPhase section */

/* Begin PBXVariantGroup section */
		268A74E7241731BA002A9FDE /* Main.storyboard */ = {
			isa = PBXVariantGroup;
			children = (
				268A74E8241731BA002A9FDE /* Base */,
			);
			name = Main.storyboard;
			sourceTree = "<group>";
		};
		268A74EC241731BC002A9FDE /* LaunchScreen.storyboard */ = {
			isa = PBXVariantGroup;
			children = (
				268A74ED241731BC002A9FDE /* Base */,
			);
			name = LaunchScreen.storyboard;
			sourceTree = "<group>";
		};
/* End PBXVariantGroup section */

/* Begin XCBuildConfiguration section */
		268A74F0241731BC002A9FDE /* Debug */ = {
			isa = XCBuildConfiguration;
			buildSettings = {
				ALWAYS_SEARCH_USER_PATHS = NO;
				CLANG_ANALYZER_NONNULL = YES;
				CLANG_ANALYZER_NUMBER_OBJECT_CONVERSION = YES_AGGRESSIVE;
				CLANG_CXX_LANGUAGE_STANDARD = "gnu++14";
				CLANG_CXX_LIBRARY = "libc++";
				CLANG_ENABLE_MODULES = YES;
				CLANG_ENABLE_OBJC_ARC = YES;
				CLANG_ENABLE_OBJC_WEAK = YES;
				CLANG_WARN_BLOCK_CAPTURE_AUTORELEASING = YES;
				CLANG_WARN_BOOL_CONVERSION = YES;
				CLANG_WARN_COMMA = YES;
				CLANG_WARN_CONSTANT_CONVERSION = YES;
				CLANG_WARN_DEPRECATED_OBJC_IMPLEMENTATIONS = YES;
				CLANG_WARN_DIRECT_OBJC_ISA_USAGE = YES_ERROR;
				CLANG_WARN_DOCUMENTATION_COMMENTS = YES;
				CLANG_WARN_EMPTY_BODY = YES;
				CLANG_WARN_ENUM_CONVERSION = YES;
				CLANG_WARN_INFINITE_RECURSION = YES;
				CLANG_WARN_INT_CONVERSION = YES;
				CLANG_WARN_NON_LITERAL_NULL_CONVERSION = YES;
				CLANG_WARN_OBJC_IMPLICIT_RETAIN_SELF = YES;
				CLANG_WARN_OBJC_LITERAL_CONVERSION = YES;
				CLANG_WARN_OBJC_ROOT_CLASS = YES_ERROR;
				CLANG_WARN_RANGE_LOOP_ANALYSIS = YES;
				CLANG_WARN_STRICT_PROTOTYPES = YES;
				CLANG_WARN_SUSPICIOUS_MOVE = YES;
				CLANG_WARN_UNGUARDED_AVAILABILITY = YES_AGGRESSIVE;
				CLANG_WARN_UNREACHABLE_CODE = YES;
				CLANG_WARN__DUPLICATE_METHOD_MATCH = YES;
				COPY_PHASE_STRIP = NO;
				DEBUG_INFORMATION_FORMAT = dwarf;
				ENABLE_STRICT_OBJC_MSGSEND = YES;
				ENABLE_TESTABILITY = YES;
				GCC_C_LANGUAGE_STANDARD = gnu11;
				GCC_DYNAMIC_NO_PIC = NO;
				GCC_NO_COMMON_BLOCKS = YES;
				GCC_OPTIMIZATION_LEVEL = 0;
				GCC_PREPROCESSOR_DEFINITIONS = (
					"DEBUG=1",
					"$(inherited)",
				);
				GCC_WARN_64_TO_32_BIT_CONVERSION = YES;
				GCC_WARN_ABOUT_RETURN_TYPE = YES_ERROR;
				GCC_WARN_UNDECLARED_SELECTOR = YES;
				GCC_WARN_UNINITIALIZED_AUTOS = YES_AGGRESSIVE;
				GCC_WARN_UNUSED_FUNCTION = YES;
				GCC_WARN_UNUSED_VARIABLE = YES;
				IPHONEOS_DEPLOYMENT_TARGET = 13.2;
				MTL_ENABLE_DEBUG_INFO = INCLUDE_SOURCE;
				MTL_FAST_MATH = YES;
				ONLY_ACTIVE_ARCH = YES;
				SDKROOT = iphoneos;
				SWIFT_ACTIVE_COMPILATION_CONDITIONS = DEBUG;
				SWIFT_OPTIMIZATION_LEVEL = "-Onone";
			};
			name = Debug;
		};
		268A74F1241731BC002A9FDE /* Release */ = {
			isa = XCBuildConfiguration;
			buildSettings = {
				ALWAYS_SEARCH_USER_PATHS = NO;
				CLANG_ANALYZER_NONNULL = YES;
				CLANG_ANALYZER_NUMBER_OBJECT_CONVERSION = YES_AGGRESSIVE;
				CLANG_CXX_LANGUAGE_STANDARD = "gnu++14";
				CLANG_CXX_LIBRARY = "libc++";
				CLANG_ENABLE_MODULES = YES;
				CLANG_ENABLE_OBJC_ARC = YES;
				CLANG_ENABLE_OBJC_WEAK = YES;
				CLANG_WARN_BLOCK_CAPTURE_AUTORELEASING = YES;
				CLANG_WARN_BOOL_CONVERSION = YES;
				CLANG_WARN_COMMA = YES;
				CLANG_WARN_CONSTANT_CONVERSION = YES;
				CLANG_WARN_DEPRECATED_OBJC_IMPLEMENTATIONS = YES;
				CLANG_WARN_DIRECT_OBJC_ISA_USAGE = YES_ERROR;
				CLANG_WARN_DOCUMENTATION_COMMENTS = YES;
				CLANG_WARN_EMPTY_BODY = YES;
				CLANG_WARN_ENUM_CONVERSION = YES;
				CLANG_WARN_INFINITE_RECURSION = YES;
				CLANG_WARN_INT_CONVERSION = YES;
				CLANG_WARN_NON_LITERAL_NULL_CONVERSION = YES;
				CLANG_WARN_OBJC_IMPLICIT_RETAIN_SELF = YES;
				CLANG_WARN_OBJC_LITERAL_CONVERSION = YES;
				CLANG_WARN_OBJC_ROOT_CLASS = YES_ERROR;
				CLANG_WARN_RANGE_LOOP_ANALYSIS = YES;
				CLANG_WARN_STRICT_PROTOTYPES = YES;
				CLANG_WARN_SUSPICIOUS_MOVE = YES;
				CLANG_WARN_UNGUARDED_AVAILABILITY = YES_AGGRESSIVE;
				CLANG_WARN_UNREACHABLE_CODE = YES;
				CLANG_WARN__DUPLICATE_METHOD_MATCH = YES;
				COPY_PHASE_STRIP = NO;
				DEBUG_INFORMATION_FORMAT = "dwarf-with-dsym";
				ENABLE_NS_ASSERTIONS = NO;
				ENABLE_STRICT_OBJC_MSGSEND = YES;
				GCC_C_LANGUAGE_STANDARD = gnu11;
				GCC_NO_COMMON_BLOCKS = YES;
				GCC_WARN_64_TO_32_BIT_CONVERSION = YES;
				GCC_WARN_ABOUT_RETURN_TYPE = YES_ERROR;
				GCC_WARN_UNDECLARED_SELECTOR = YES;
				GCC_WARN_UNINITIALIZED_AUTOS = YES_AGGRESSIVE;
				GCC_WARN_UNUSED_FUNCTION = YES;
				GCC_WARN_UNUSED_VARIABLE = YES;
				IPHONEOS_DEPLOYMENT_TARGET = 13.2;
				MTL_ENABLE_DEBUG_INFO = NO;
				MTL_FAST_MATH = YES;
				SDKROOT = iphoneos;
				SWIFT_COMPILATION_MODE = wholemodule;
				SWIFT_OPTIMIZATION_LEVEL = "-O";
				VALIDATE_PRODUCT = YES;
			};
			name = Release;
		};
		268A74F3241731BC002A9FDE /* Debug */ = {
			isa = XCBuildConfiguration;
			buildSettings = {
				ASSETCATALOG_COMPILER_APPICON_NAME = AppIcon;
				CODE_SIGN_STYLE = Automatic;
				DEVELOPMENT_TEAM = YS5YR4XRC8;
				INFOPLIST_FILE = "2020-03-09-SwitchBottom/Info.plist";
				LD_RUNPATH_SEARCH_PATHS = (
					"$(inherited)",
					"@executable_path/Frameworks",
				);
				PRODUCT_BUNDLE_IDENTIFIER = "com.hualu.-020-03-09-SwitchBottom";
				PRODUCT_NAME = "$(TARGET_NAME)";
				SWIFT_VERSION = 5.0;
				TARGETED_DEVICE_FAMILY = "1,2";
			};
			name = Debug;
		};
		268A74F4241731BC002A9FDE /* Release */ = {
			isa = XCBuildConfiguration;
			buildSettings = {
				ASSETCATALOG_COMPILER_APPICON_NAME = AppIcon;
				CODE_SIGN_STYLE = Automatic;
				DEVELOPMENT_TEAM = YS5YR4XRC8;
				INFOPLIST_FILE = "2020-03-09-SwitchBottom/Info.plist";
				LD_RUNPATH_SEARCH_PATHS = (
					"$(inherited)",
					"@executable_path/Frameworks",
				);
				PRODUCT_BUNDLE_IDENTIFIER = "com.hualu.-020-03-09-SwitchBottom";
				PRODUCT_NAME = "$(TARGET_NAME)";
				SWIFT_VERSION = 5.0;
				TARGETED_DEVICE_FAMILY = "1,2";
			};
			name = Release;
		};
/* End XCBuildConfiguration section */

/* Begin XCConfigurationList section */
		268A74D9241731BA002A9FDE /* Build configuration list for PBXProject "2020-03-09-SwitchBottom" */ = {
			isa = XCConfigurationList;
			buildConfigurations = (
				268A74F0241731BC002A9FDE /* Debug */,
				268A74F1241731BC002A9FDE /* Release */,
			);
			defaultConfigurationIsVisible = 0;
			defaultConfigurationName = Release;
		};
		268A74F2241731BC002A9FDE /* Build configuration list for PBXNativeTarget "2020-03-09-SwitchBottom" */ = {
			isa = XCConfigurationList;
			buildConfigurations = (
				268A74F3241731BC002A9FDE /* Debug */,
				268A74F4241731BC002A9FDE /* Release */,
			);
			defaultConfigurationIsVisible = 0;
			defaultConfigurationName = Release;
		};
/* End XCConfigurationList section */
	};
	rootObject = 268A74D6241731BA002A9FDE /* Project object */;
}
